
Microsoft Visual Studio Solution File, Format Version 11.00
# Visual Studio 2010
Project("{FAE04EC0-301F-11D3-BF4B-00C04F79EFBC}") = "RemoteControl", "RemoteControl\RemoteControl.csproj", "{9A617D04-C083-496E-817B-3F3631B57F3E}"
EndProject
Global
	GlobalSection(VaultVsipSolution-v2) = preSolution
		VaultHost = http://localhost/VaultService
		VaultRepositoryID = 2
		VaultRepositoryGUID = 3f7d0cdb-5bd1-4caf-88e6-b14d8b8aa34e
		ProjectCount = 1
		ProjectRelativeDiskPath1 = RemoteControl\RemoteControl.csproj
	EndGlobalSection
	GlobalSection(SolutionConfigurationPlatforms) = preSolution
		Debug|x86 = Debug|x86
		Release|x86 = Release|x86
	EndGlobalSection
	GlobalSection(ProjectConfigurationPlatforms) = postSolution
		{9A617D04-C083-496E-817B-3F3631B57F3E}.Debug|x86.ActiveCfg = Debug|x86
		{9A617D04-C083-496E-817B-3F3631B57F3E}.Debug|x86.Build.0 = Debug|x86
		{9A617D04-C083-496E-817B-3F3631B57F3E}.Release|x86.ActiveCfg = Release|x86
		{9A617D04-C083-496E-817B-3F3631B57F3E}.Release|x86.Build.0 = Release|x86
	EndGlobalSection
	GlobalSection(SolutionProperties) = preSolution
		HideSolutionNode = FALSE
	EndGlobalSection
EndGlobal
